
Microsoft Visual Studio Solution File, Format Version 12.00
# Visual Studio 2013
VisualStudioVersion = 12.0.30324.0
MinimumVisualStudioVersion = 10.0.40219.1
Project("{FAE04EC0-301F-11D3-BF4B-00C04F79EFBC}") = "LongList", "LongList\LongList.csproj", "{28839517-D25D-420E-A4BF-3E627347C0D4}"
EndProject
Global
	GlobalSection(TeamFoundationVersionControl) = preSolution
		SccNumberOfProjects = 2
		SccEnterpriseProvider = {4CA58AB2-18FA-4F8D-95D4-32DDF27D184C}
		SccTeamFoundationServer = https://iqorek.visualstudio.com/defaultcollection
		SccLocalPath0 = .
		SccProjectUniqueName1 = LongList\\LongList.csproj
		SccProjectName1 = LongList
		SccLocalPath1 = LongList
	EndGlobalSection
	GlobalSection(SolutionConfigurationPlatforms) = preSolution
		Debug|Any CPU = Debug|Any CPU
		Release|Any CPU = Release|Any CPU
	EndGlobalSection
	GlobalSection(ProjectConfigurationPlatforms) = postSolution
		{28839517-D25D-420E-A4BF-3E627347C0D4}.Debug|Any CPU.ActiveCfg = Debug|Any CPU
		{28839517-D25D-420E-A4BF-3E627347C0D4}.Debug|Any CPU.Build.0 = Debug|Any CPU
		{28839517-D25D-420E-A4BF-3E627347C0D4}.Release|Any CPU.ActiveCfg = Release|Any CPU
		{28839517-D25D-420E-A4BF-3E627347C0D4}.Release|Any CPU.Build.0 = Release|Any CPU
	EndGlobalSection
	GlobalSection(SolutionProperties) = preSolution
		HideSolutionNode = FALSE
	EndGlobalSection
EndGlobal
